
Microsoft Visual Studio Solution File, Format Version 12.00
# Visual Studio 2012
Project("{FAE04EC0-301F-11D3-BF4B-00C04F79EFBC}") = "WorkingWithVisualStudio", "WorkingWithVisualStudio\WorkingWithVisualStudio.csproj", "{4CE8E4F9-AF47-4304-8EFF-682D7EA72160}"
EndProject
Project("{FAE04EC0-301F-11D3-BF4B-00C04F79EFBC}") = "WorkingWithVisualStudio.Tests", "WorkingWithVisualStudio.Tests\WorkingWithVisualStudio.Tests.csproj", "{02FE22B8-D0E7-481A-8CD8-E51FED6034DC}"
EndProject
Global
	GlobalSection(SolutionConfigurationPlatforms) = preSolution
		Debug|Any CPU = Debug|Any CPU
		Release|Any CPU = Release|Any CPU
	EndGlobalSection
	GlobalSection(ProjectConfigurationPlatforms) = postSolution
		{4CE8E4F9-AF47-4304-8EFF-682D7EA72160}.Debug|Any CPU.ActiveCfg = Debug|Any CPU
		{4CE8E4F9-AF47-4304-8EFF-682D7EA72160}.Debug|Any CPU.Build.0 = Debug|Any CPU
		{4CE8E4F9-AF47-4304-8EFF-682D7EA72160}.Release|Any CPU.ActiveCfg = Release|Any CPU
		{4CE8E4F9-AF47-4304-8EFF-682D7EA72160}.Release|Any CPU.Build.0 = Release|Any CPU
		{02FE22B8-D0E7-481A-8CD8-E51FED6034DC}.Debug|Any CPU.ActiveCfg = Debug|Any CPU
		{02FE22B8-D0E7-481A-8CD8-E51FED6034DC}.Debug|Any CPU.Build.0 = Debug|Any CPU
		{02FE22B8-D0E7-481A-8CD8-E51FED6034DC}.Release|Any CPU.ActiveCfg = Release|Any CPU
		{02FE22B8-D0E7-481A-8CD8-E51FED6034DC}.Release|Any CPU.Build.0 = Release|Any CPU
	EndGlobalSection
EndGlobal
